
Microsoft Visual Studio Solution File, Format Version 12.00
# Visual Studio 2013
VisualStudioVersion = 12.0.31101.0
MinimumVisualStudioVersion = 10.0.40219.1
Project("{FAE04EC0-301F-11D3-BF4B-00C04F79EFBC}") = "HearThePicture", "src\HearThePicture\HearThePicture.csproj", "{D2199385-8970-4E85-A322-F4FF8FBB6C6C}"
EndProject
Project("{FAE04EC0-301F-11D3-BF4B-00C04F79EFBC}") = "HearThePicture.Tests", "HearThePicture.Tests\HearThePicture.Tests.csproj", "{6473D9C4-1566-48CA-9545-84840C2177A6}"
EndProject
Global
	GlobalSection(SolutionConfigurationPlatforms) = preSolution
		Debug|Any CPU = Debug|Any CPU
		Release|Any CPU = Release|Any CPU
	EndGlobalSection
	GlobalSection(ProjectConfigurationPlatforms) = postSolution
		{D2199385-8970-4E85-A322-F4FF8FBB6C6C}.Debug|Any CPU.ActiveCfg = Debug|Any CPU
		{D2199385-8970-4E85-A322-F4FF8FBB6C6C}.Debug|Any CPU.Build.0 = Debug|Any CPU
		{D2199385-8970-4E85-A322-F4FF8FBB6C6C}.Release|Any CPU.ActiveCfg = Release|Any CPU
		{D2199385-8970-4E85-A322-F4FF8FBB6C6C}.Release|Any CPU.Build.0 = Release|Any CPU
		{6473D9C4-1566-48CA-9545-84840C2177A6}.Debug|Any CPU.ActiveCfg = Debug|Any CPU
		{6473D9C4-1566-48CA-9545-84840C2177A6}.Debug|Any CPU.Build.0 = Debug|Any CPU
		{6473D9C4-1566-48CA-9545-84840C2177A6}.Release|Any CPU.ActiveCfg = Release|Any CPU
		{6473D9C4-1566-48CA-9545-84840C2177A6}.Release|Any CPU.Build.0 = Release|Any CPU
	EndGlobalSection
	GlobalSection(SolutionProperties) = preSolution
		HideSolutionNode = FALSE
	EndGlobalSection
EndGlobal
